lockfileVersion: '6.0'

settings:
  autoInstallPeers: true
  excludeLinksFromLockfile: false

dependencies:
  '@github/markdown-toolbar-element':
    specifier: ^2.2.1
    version: 2.2.1
  '@vitejs/plugin-vue':
    specifier: ^4.5.2
    version: 4.5.2(vite@5.0.8)(vue@3.3.11)
  '@vueform/multiselect':
    specifier: ^2.6.6
    version: 2.6.6
  '@vueform/toggle':
    specifier: ^2.1.4
    version: 2.1.4
  '@vueuse/core':
    specifier: ^10.7.0
    version: 10.7.0(vue@3.3.11)
  '@vueuse/shared':
    specifier: ^10.7.0
    version: 10.7.0(vue@3.3.11)
  alpinejs:
    specifier: ^3.13.3
    version: 3.13.3
  alpinejs-slug:
    specifier: ^1.1.2
    version: 1.1.2
  axios:
    specifier: ^1.6.2
    version: 1.6.2
  less:
    specifier: ^4.2.0
    version: 4.2.0
  pinia:
    specifier: ^2.1.7
    version: 2.1.7(vue@3.3.11)
  sortablejs:
    specifier: ^1.15.1
    version: 1.15.1
  vanilla-lazyload:
    specifier: ^17.8.5
    version: 17.8.5
  virtual-select-plugin:
    specifier: ^1.0.40
    version: 1.0.40
  vite-plugin-minify:
    specifier: ^1.5.2
    version: 1.5.2(vite@5.0.8)
  vue:
    specifier: ^3.3.11
    version: 3.3.11
  vue-i18n:
    specifier: ^9.8.0
    version: 9.8.0(vue@3.3.11)
  vue-showdown:
    specifier: ^4.2.0
    version: 4.2.0

devDependencies:
  vite:
    specifier: ^5.0.8
    version: 5.0.8(less@4.2.0)
  vite-plugin-static-copy:
    specifier: ^1.0.0
    version: 1.0.0(vite@5.0.8)

packages:

  /@babel/helper-string-parser@7.23.4:
    resolution: {integrity: sha512-803gmbQdqwdf4olxrX4AJyFBV/RTr3rSmOj0rKwesmzlfhYNDEs+/iOcznzpNWlJlIlTJC2QfPFcHB6DlzdVLQ==}
    engines: {node: '>=6.9.0'}
    dev: false

  /@babel/helper-validator-identifier@7.22.20:
    resolution: {integrity: sha512-Y4OZ+ytlatR8AI+8KZfKuL5urKp7qey08ha31L8b3BwewJAoJamTzyvxPR/5D+KkdJCGPq/+8TukHBlY10FX9A==}
    engines: {node: '>=6.9.0'}
    dev: false

  /@babel/parser@7.23.6:
    resolution: {integrity: sha512-Z2uID7YJ7oNvAI20O9X0bblw7Qqs8Q2hFy0R9tAfnfLkp5MW0UH9eUvnDSnFwKZ0AvgS1ucqR4KzvVHgnke1VQ==}
    engines: {node: '>=6.0.0'}
    hasBin: true
    dependencies:
      '@babel/types': 7.23.6
    dev: false

  /@babel/types@7.23.6:
    resolution: {integrity: sha512-+uarb83brBzPKN38NX1MkB6vb6+mwvR6amUulqAE7ccQw1pEl+bCia9TbdG1lsnFP7lZySvUn37CHyXQdfTwzg==}
    engines: {node: '>=6.9.0'}
    dependencies:
      '@babel/helper-string-parser': 7.23.4
      '@babel/helper-validator-identifier': 7.22.20
      to-fast-properties: 2.0.0
    dev: false

  /@esbuild/android-arm64@0.19.9:
    resolution: {integrity: sha512-q4cR+6ZD0938R19MyEW3jEsMzbb/1rulLXiNAJQADD/XYp7pT+rOS5JGxvpRW8dFDEfjW4wLgC/3FXIw4zYglQ==}
    engines: {node: '>=12'}
    cpu: [arm64]
    os: [android]
    requiresBuild: true
    optional: true

  /@esbuild/android-arm@0.19.9:
    resolution: {integrity: sha512-jkYjjq7SdsWuNI6b5quymW0oC83NN5FdRPuCbs9HZ02mfVdAP8B8eeqLSYU3gb6OJEaY5CQabtTFbqBf26H3GA==}
    engines: {node: '>=12'}
    cpu: [arm]
    os: [android]
    requiresBuild: true
    optional: true

  /@esbuild/android-x64@0.19.9:
    resolution: {integrity: sha512-KOqoPntWAH6ZxDwx1D6mRntIgZh9KodzgNOy5Ebt9ghzffOk9X2c1sPwtM9P+0eXbefnDhqYfkh5PLP5ULtWFA==}
    engines: {node: '>=12'}
    cpu: [x64]
    os: [android]
    requiresBuild: true
    optional: true

  /@esbuild/darwin-arm64@0.19.9:
    resolution: {integrity: sha512-KBJ9S0AFyLVx2E5D8W0vExqRW01WqRtczUZ8NRu+Pi+87opZn5tL4Y0xT0mA4FtHctd0ZgwNoN639fUUGlNIWw==}
    engines: {node: '>=12'}
    cpu: [arm64]
    os: [darwin]
    requiresBuild: true
    optional: true

  /@esbuild/darwin-x64@0.19.9:
    resolution: {integrity: sha512-vE0VotmNTQaTdX0Q9dOHmMTao6ObjyPm58CHZr1UK7qpNleQyxlFlNCaHsHx6Uqv86VgPmR4o2wdNq3dP1qyDQ==}
    engines: {node: '>=12'}
    cpu: [x64]
    os: [darwin]
    requiresBuild: true
    optional: true

  /@esbuild/freebsd-arm64@0.19.9:
    resolution: {integrity: sha512-uFQyd/o1IjiEk3rUHSwUKkqZwqdvuD8GevWF065eqgYfexcVkxh+IJgwTaGZVu59XczZGcN/YMh9uF1fWD8j1g==}
    engines: {node: '>=12'}
    cpu: [arm64]
    os: [freebsd]
    requiresBuild: true
    optional: true

  /@esbuild/freebsd-x64@0.19.9:
    resolution: {integrity: sha512-WMLgWAtkdTbTu1AWacY7uoj/YtHthgqrqhf1OaEWnZb7PQgpt8eaA/F3LkV0E6K/Lc0cUr/uaVP/49iE4M4asA==}
    engines: {node: '>=12'}
    cpu: [x64]
    os: [freebsd]
    requiresBuild: true
    optional: true

  /@esbuild/linux-arm64@0.19.9:
    resolution: {integrity: sha512-PiPblfe1BjK7WDAKR1Cr9O7VVPqVNpwFcPWgfn4xu0eMemzRp442hXyzF/fSwgrufI66FpHOEJk0yYdPInsmyQ==}
    engines: {node: '>=12'}
    cpu: [arm64]
    os: [linux]
    requiresBuild: true
    optional: true

  /@esbuild/linux-arm@0.19.9:
    resolution: {integrity: sha512-C/ChPohUYoyUaqn1h17m/6yt6OB14hbXvT8EgM1ZWaiiTYz7nWZR0SYmMnB5BzQA4GXl3BgBO1l8MYqL/He3qw==}
    engines: {node: '>=12'}
    cpu: [arm]
    os: [linux]
    requiresBuild: true
    optional: true

  /@esbuild/linux-ia32@0.19.9:
    resolution: {integrity: sha512-f37i/0zE0MjDxijkPSQw1CO/7C27Eojqb+r3BbHVxMLkj8GCa78TrBZzvPyA/FNLUMzP3eyHCVkAopkKVja+6Q==}
    engines: {node: '>=12'}
    cpu: [ia32]
    os: [linux]
    requiresBuild: true
    optional: true

  /@esbuild/linux-loong64@0.19.9:
    resolution: {integrity: sha512-t6mN147pUIf3t6wUt3FeumoOTPfmv9Cc6DQlsVBpB7eCpLOqQDyWBP1ymXn1lDw4fNUSb/gBcKAmvTP49oIkaA==}
    engines: {node: '>=12'}
    cpu: [loong64]
    os: [linux]
    requiresBuild: true
    optional: true

  /@esbuild/linux-mips64el@0.19.9:
    resolution: {integrity: sha512-jg9fujJTNTQBuDXdmAg1eeJUL4Jds7BklOTkkH80ZgQIoCTdQrDaHYgbFZyeTq8zbY+axgptncko3v9p5hLZtw==}
    engines: {node: '>=12'}
    cpu: [mips64el]
    os: [linux]
    requiresBuild: true
    optional: true

  /@esbuild/linux-ppc64@0.19.9:
    resolution: {integrity: sha512-tkV0xUX0pUUgY4ha7z5BbDS85uI7ABw3V1d0RNTii7E9lbmV8Z37Pup2tsLV46SQWzjOeyDi1Q7Wx2+QM8WaCQ==}
    engines: {node: '>=12'}
    cpu: [ppc64]
    os: [linux]
    requiresBuild: true
    optional: true

  /@esbuild/linux-riscv64@0.19.9:
    resolution: {integrity: sha512-DfLp8dj91cufgPZDXr9p3FoR++m3ZJ6uIXsXrIvJdOjXVREtXuQCjfMfvmc3LScAVmLjcfloyVtpn43D56JFHg==}
    engines: {node: '>=12'}
    cpu: [riscv64]
    os: [linux]
    requiresBuild: true
    optional: true

  /@esbuild/linux-s390x@0.19.9:
    resolution: {integrity: sha512-zHbglfEdC88KMgCWpOl/zc6dDYJvWGLiUtmPRsr1OgCViu3z5GncvNVdf+6/56O2Ca8jUU+t1BW261V6kp8qdw==}
    engines: {node: '>=12'}
    cpu: [s390x]
    os: [linux]
    requiresBuild: true
    optional: true

  /@esbuild/linux-x64@0.19.9:
    resolution: {integrity: sha512-JUjpystGFFmNrEHQnIVG8hKwvA2DN5o7RqiO1CVX8EN/F/gkCjkUMgVn6hzScpwnJtl2mPR6I9XV1oW8k9O+0A==}
    engines: {node: '>=12'}
    cpu: [x64]
    os: [linux]
    requiresBuild: true
    optional: true

  /@esbuild/netbsd-x64@0.19.9:
    resolution: {integrity: sha512-GThgZPAwOBOsheA2RUlW5UeroRfESwMq/guy8uEe3wJlAOjpOXuSevLRd70NZ37ZrpO6RHGHgEHvPg1h3S1Jug==}
    engines: {node: '>=12'}
    cpu: [x64]
    os: [netbsd]
    requiresBuild: true
    optional: true

  /@esbuild/openbsd-x64@0.19.9:
    resolution: {integrity: sha512-Ki6PlzppaFVbLnD8PtlVQfsYw4S9n3eQl87cqgeIw+O3sRr9IghpfSKY62mggdt1yCSZ8QWvTZ9jo9fjDSg9uw==}
    engines: {node: '>=12'}
    cpu: [x64]
    os: [openbsd]
    requiresBuild: true
    optional: true

  /@esbuild/sunos-x64@0.19.9:
    resolution: {integrity: sha512-MLHj7k9hWh4y1ddkBpvRj2b9NCBhfgBt3VpWbHQnXRedVun/hC7sIyTGDGTfsGuXo4ebik2+3ShjcPbhtFwWDw==}
    engines: {node: '>=12'}
    cpu: [x64]
    os: [sunos]
    requiresBuild: true
    optional: true

  /@esbuild/win32-arm64@0.19.9:
    resolution: {integrity: sha512-GQoa6OrQ8G08guMFgeXPH7yE/8Dt0IfOGWJSfSH4uafwdC7rWwrfE6P9N8AtPGIjUzdo2+7bN8Xo3qC578olhg==}
    engines: {node: '>=12'}
    cpu: [arm64]
    os: [win32]
    requiresBuild: true
    optional: true

  /@esbuild/win32-ia32@0.19.9:
    resolution: {integrity: sha512-UOozV7Ntykvr5tSOlGCrqU3NBr3d8JqPes0QWN2WOXfvkWVGRajC+Ym0/Wj88fUgecUCLDdJPDF0Nna2UK3Qtg==}
    engines: {node: '>=12'}
    cpu: [ia32]
    os: [win32]
    requiresBuild: true
    optional: true

  /@esbuild/win32-x64@0.19.9:
    resolution: {integrity: sha512-oxoQgglOP7RH6iasDrhY+R/3cHrfwIDvRlT4CGChflq6twk8iENeVvMJjmvBb94Ik1Z+93iGO27err7w6l54GQ==}
    engines: {node: '>=12'}
    cpu: [x64]
    os: [win32]
    requiresBuild: true
    optional: true

  /@github/markdown-toolbar-element@2.2.1:
    resolution: {integrity: sha512-ap+ulyqzG3aVqwKsKjbDdYwM75TQXZpPtmIuPwm+54OTgcC96267oX3cEqd1wSqGsH7O5PonZ//fE9jH7Q4JkA==}
    dev: false

  /@intlify/core-base@9.8.0:
    resolution: {integrity: sha512-UxaSZVZ1DwqC/CltUZrWZNaWNhfmKtfyV4BJSt/Zt4Or/fZs1iFj0B+OekYk1+MRHfIOe3+x00uXGQI4PbO/9g==}
    engines: {node: '>= 16'}
    dependencies:
      '@intlify/message-compiler': 9.8.0
      '@intlify/shared': 9.8.0
    dev: false

  /@intlify/message-compiler@9.8.0:
    resolution: {integrity: sha512-McnYWhcoYmDJvssVu6QGR0shqlkJuL1HHdi5lK7fNqvQqRYaQ4lSLjYmZxwc8tRNMdIe9/KUKfyPxU9M6yCtNQ==}
    engines: {node: '>= 16'}
    dependencies:
      '@intlify/shared': 9.8.0
      source-map-js: 1.0.2
    dev: false

  /@intlify/shared@9.8.0:
    resolution: {integrity: sha512-TmgR0RCLjzrSo+W3wT0ALf9851iFMlVI9EYNGeWvZFUQTAJx0bvfsMlPdgVtV1tDNRiAfhkFsMKu6jtUY1ZLKQ==}
    engines: {node: '>= 16'}
    dev: false

  /@jridgewell/gen-mapping@0.3.3:
    resolution: {integrity: sha512-HLhSWOLRi875zjjMG/r+Nv0oCW8umGb0BgEhyX3dDX3egwZtB8PqLnjz3yedt8R5StBrzcg4aBpnh8UA9D1BoQ==}
    engines: {node: '>=6.0.0'}
    dependencies:
      '@jridgewell/set-array': 1.1.2
      '@jridgewell/sourcemap-codec': 1.4.15
      '@jridgewell/trace-mapping': 0.3.20
    dev: false

  /@jridgewell/resolve-uri@3.1.1:
    resolution: {integrity: sha512-dSYZh7HhCDtCKm4QakX0xFpsRDqjjtZf/kjI/v3T3Nwt5r8/qz/M19F9ySyOqU94SXBmeG9ttTul+YnR4LOxFA==}
    engines: {node: '>=6.0.0'}
    dev: false

  /@jridgewell/set-array@1.1.2:
    resolution: {integrity: sha512-xnkseuNADM0gt2bs+BvhO0p78Mk762YnZdsuzFV018NoG1Sj1SCQvpSqa7XUaTam5vAGasABV9qXASMKnFMwMw==}
    engines: {node: '>=6.0.0'}
    dev: false

  /@jridgewell/source-map@0.3.5:
    resolution: {integrity: sha512-UTYAUj/wviwdsMfzoSJspJxbkH5o1snzwX0//0ENX1u/55kkZZkcTZP6u9bwKGkv+dkk9at4m1Cpt0uY80kcpQ==}
    dependencies:
      '@jridgewell/gen-mapping': 0.3.3
      '@jridgewell/trace-mapping': 0.3.20
    dev: false

  /@jridgewell/sourcemap-codec@1.4.15:
    resolution: {integrity: sha512-eF2rxCRulEKXHTRiDrDy6erMYWqNw4LPdQ8UQA4huuxaQsVeRPFl2oM8oDGxMFhJUWZf9McpLtJasDDZb/Bpeg==}
    dev: false

  /@jridgewell/trace-mapping@0.3.20:
    resolution: {integrity: sha512-R8LcPeWZol2zR8mmH3JeKQ6QRCFb7XgUhV9ZlGhHLGyg4wpPiPZNQOOWhFZhxKw8u//yTbNGI42Bx/3paXEQ+Q==}
    dependencies:
      '@jridgewell/resolve-uri': 3.1.1
      '@jridgewell/sourcemap-codec': 1.4.15
    dev: false

  /@nodelib/fs.scandir@2.1.5:
    resolution: {integrity: sha512-vq24Bq3ym5HEQm2NKCr3yXDwjc7vTsEThRDnkp2DK9p1uqLR+DHurm/NOTo0KG7HYHU7eppKZj3MyqYuMBf62g==}
    engines: {node: '>= 8'}
    dependencies:
      '@nodelib/fs.stat': 2.0.5
      run-parallel: 1.2.0
    dev: true

  /@nodelib/fs.stat@2.0.5:
    resolution: {integrity: sha512-RkhPPp2zrqDAQA/2jNhnztcPAlv64XdhIp7a7454A5ovI7Bukxgt7MX7udwAu3zg1DcpPU0rz3VV1SeaqvY4+A==}
    engines: {node: '>= 8'}
    dev: true

  /@nodelib/fs.walk@1.2.8:
    resolution: {integrity: sha512-oGB+UxlgWcgQkgwo8GcEGwemoTFt3FIO9ababBmaGwXIoBKZ+GTy0pP185beGg7Llih/NSHSV2XAs1lnznocSg==}
    engines: {node: '>= 8'}
    dependencies:
      '@nodelib/fs.scandir': 2.1.5
      fastq: 1.15.0
    dev: true

  /@rollup/rollup-android-arm-eabi@4.8.0:
    resolution: {integrity: sha512-zdTObFRoNENrdPpnTNnhOljYIcOX7aI7+7wyrSpPFFIOf/nRdedE6IYsjaBE7tjukphh1tMTojgJ7p3lKY8x6Q==}
    cpu: [arm]
    os: [android]
    requiresBuild: true
    optional: true

  /@rollup/rollup-android-arm64@4.8.0:
    resolution: {integrity: sha512-aiItwP48BiGpMFS9Znjo/xCNQVwTQVcRKkFKsO81m8exrGjHkCBDvm9PHay2kpa8RPnZzzKcD1iQ9KaLY4fPQQ==}
    cpu: [arm64]
    os: [android]
    requiresBuild: true
    optional: true

  /@rollup/rollup-darwin-arm64@4.8.0:
    resolution: {integrity: sha512-zhNIS+L4ZYkYQUjIQUR6Zl0RXhbbA0huvNIWjmPc2SL0cB1h5Djkcy+RZ3/Bwszfb6vgwUvcVJYD6e6Zkpsi8g==}
    cpu: [arm64]
    os: [darwin]
    requiresBuild: true
    optional: true

  /@rollup/rollup-darwin-x64@4.8.0:
    resolution: {integrity: sha512-A/FAHFRNQYrELrb/JHncRWzTTXB2ticiRFztP4ggIUAfa9Up1qfW8aG2w/mN9jNiZ+HB0t0u0jpJgFXG6BfRTA==}
    cpu: [x64]
    os: [darwin]
    requiresBuild: true
    optional: true

  /@rollup/rollup-linux-arm-gnueabihf@4.8.0:
    resolution: {integrity: sha512-JsidBnh3p2IJJA4/2xOF2puAYqbaczB3elZDT0qHxn362EIoIkq7hrR43Xa8RisgI6/WPfvb2umbGsuvf7E37A==}
    cpu: [arm]
    os: [linux]
    requiresBuild: true
    optional: true

  /@rollup/rollup-linux-arm64-gnu@4.8.0:
    resolution: {integrity: sha512-hBNCnqw3EVCkaPB0Oqd24bv8SklETptQWcJz06kb9OtiShn9jK1VuTgi7o4zPSt6rNGWQOTDEAccbk0OqJmS+g==}
    cpu: [arm64]
    os: [linux]
    requiresBuild: true
    optional: true

  /@rollup/rollup-linux-arm64-musl@4.8.0:
    resolution: {integrity: sha512-Fw9ChYfJPdltvi9ALJ9wzdCdxGw4wtq4t1qY028b2O7GwB5qLNSGtqMsAel1lfWTZvf4b6/+4HKp0GlSYg0ahA==}
    cpu: [arm64]
    os: [linux]
    requiresBuild: true
    optional: true

  /@rollup/rollup-linux-riscv64-gnu@4.8.0:
    resolution: {integrity: sha512-BH5xIh7tOzS9yBi8dFrCTG8Z6iNIGWGltd3IpTSKp6+pNWWO6qy8eKoRxOtwFbMrid5NZaidLYN6rHh9aB8bEw==}
    cpu: [riscv64]
    os: [linux]
    requiresBuild: true
    optional: true

  /@rollup/rollup-linux-x64-gnu@4.8.0:
    resolution: {integrity: sha512-PmvAj8k6EuWiyLbkNpd6BLv5XeYFpqWuRvRNRl80xVfpGXK/z6KYXmAgbI4ogz7uFiJxCnYcqyvZVD0dgFog7Q==}
    cpu: [x64]
    os: [linux]
    requiresBuild: true
    optional: true

  /@rollup/rollup-linux-x64-musl@4.8.0:
    resolution: {integrity: sha512-mdxnlW2QUzXwY+95TuxZ+CurrhgrPAMveDWI97EQlA9bfhR8tw3Pt7SUlc/eSlCNxlWktpmT//EAA8UfCHOyXg==}
    cpu: [x64]
    os: [linux]
    requiresBuild: true
    optional: true

  /@rollup/rollup-win32-arm64-msvc@4.8.0:
    resolution: {integrity: sha512-ge7saUz38aesM4MA7Cad8CHo0Fyd1+qTaqoIo+Jtk+ipBi4ATSrHWov9/S4u5pbEQmLjgUjB7BJt+MiKG2kzmA==}
    cpu: [arm64]
    os: [win32]
    requiresBuild: true
    optional: true

  /@rollup/rollup-win32-ia32-msvc@4.8.0:
    resolution: {integrity: sha512-p9E3PZlzurhlsN5h9g7zIP1DnqKXJe8ZUkFwAazqSvHuWfihlIISPxG9hCHCoA+dOOspL/c7ty1eeEVFTE0UTw==}
    cpu: [ia32]
    os: [win32]
    requiresBuild: true
    optional: true

  /@rollup/rollup-win32-x64-msvc@4.8.0:
    resolution: {integrity: sha512-kb4/auKXkYKqlUYTE8s40FcJIj5soOyRLHKd4ugR0dCq0G2EfcF54eYcfQiGkHzjidZ40daB4ulsFdtqNKZtBg==}
    cpu: [x64]
    os: [win32]
    requiresBuild: true
    optional: true

  /@types/showdown@2.0.6:
    resolution: {integrity: sha512-pTvD/0CIeqe4x23+YJWlX2gArHa8G0J0Oh6GKaVXV7TAeickpkkZiNOgFcFcmLQ5lB/K0qBJL1FtRYltBfbGCQ==}
    dev: false

  /@types/web-bluetooth@0.0.20:
    resolution: {integrity: sha512-g9gZnnXVq7gM7v3tJCWV/qw7w+KeOlSHAhgF9RytFyifW6AF61hdT2ucrYhPq9hLs5JIryeupHV3qGk95dH9ow==}
    dev: false

  /@vitejs/plugin-vue@4.5.2(vite@5.0.8)(vue@3.3.11):
    resolution: {integrity: sha512-UGR3DlzLi/SaVBPX0cnSyE37vqxU3O6chn8l0HJNzQzDia6/Au2A4xKv+iIJW8w2daf80G7TYHhi1pAUjdZ0bQ==}
    engines: {node: ^14.18.0 || >=16.0.0}
    peerDependencies:
      vite: ^4.0.0 || ^5.0.0
      vue: ^3.2.25
    dependencies:
      vite: 5.0.8(less@4.2.0)
      vue: 3.3.11
    dev: false

  /@vue/compiler-core@3.3.11:
    resolution: {integrity: sha512-h97/TGWBilnLuRaj58sxNrsUU66fwdRKLOLQ9N/5iNDfp+DZhYH9Obhe0bXxhedl8fjAgpRANpiZfbgWyruQ0w==}
    dependencies:
      '@babel/parser': 7.23.6
      '@vue/shared': 3.3.11
      estree-walker: 2.0.2
      source-map-js: 1.0.2
    dev: false

  /@vue/compiler-dom@3.3.11:
    resolution: {integrity: sha512-zoAiUIqSKqAJ81WhfPXYmFGwDRuO+loqLxvXmfUdR5fOitPoUiIeFI9cTTyv9MU5O1+ZZglJVTusWzy+wfk5hw==}
    dependencies:
      '@vue/compiler-core': 3.3.11
      '@vue/shared': 3.3.11
    dev: false

  /@vue/compiler-sfc@3.3.11:
    resolution: {integrity: sha512-U4iqPlHO0KQeK1mrsxCN0vZzw43/lL8POxgpzcJweopmqtoYy9nljJzWDIQS3EfjiYhfdtdk9Gtgz7MRXnz3GA==}
    dependencies:
      '@babel/parser': 7.23.6
      '@vue/compiler-core': 3.3.11
      '@vue/compiler-dom': 3.3.11
      '@vue/compiler-ssr': 3.3.11
      '@vue/reactivity-transform': 3.3.11
      '@vue/shared': 3.3.11
      estree-walker: 2.0.2
      magic-string: 0.30.5
      postcss: 8.4.32
      source-map-js: 1.0.2
    dev: false

  /@vue/compiler-ssr@3.3.11:
    resolution: {integrity: sha512-Zd66ZwMvndxRTgVPdo+muV4Rv9n9DwQ4SSgWWKWkPFebHQfVYRrVjeygmmDmPewsHyznCNvJ2P2d6iOOhdv8Qg==}
    dependencies:
      '@vue/compiler-dom': 3.3.11
      '@vue/shared': 3.3.11
    dev: false

  /@vue/devtools-api@6.5.1:
    resolution: {integrity: sha512-+KpckaAQyfbvshdDW5xQylLni1asvNSGme1JFs8I1+/H5pHEhqUKMEQD/qn3Nx5+/nycBq11qAEi8lk+LXI2dA==}
    dev: false

  /@vue/reactivity-transform@3.3.11:
    resolution: {integrity: sha512-fPGjH0wqJo68A0wQ1k158utDq/cRyZNlFoxGwNScE28aUFOKFEnCBsvyD8jHn+0kd0UKVpuGuaZEQ6r9FJRqCg==}
    dependencies:
      '@babel/parser': 7.23.6
      '@vue/compiler-core': 3.3.11
      '@vue/shared': 3.3.11
      estree-walker: 2.0.2
      magic-string: 0.30.5
    dev: false

  /@vue/reactivity@3.1.5:
    resolution: {integrity: sha512-1tdfLmNjWG6t/CsPldh+foumYFo3cpyCHgBYQ34ylaMsJ+SNHQ1kApMIa8jN+i593zQuaw3AdWH0nJTARzCFhg==}
    dependencies:
      '@vue/shared': 3.1.5
    dev: false

  /@vue/reactivity@3.3.11:
    resolution: {integrity: sha512-D5tcw091f0nuu+hXq5XANofD0OXnBmaRqMYl5B3fCR+mX+cXJIGNw/VNawBqkjLNWETrFW0i+xH9NvDbTPVh7g==}
    dependencies:
      '@vue/shared': 3.3.11
    dev: false

  /@vue/runtime-core@3.3.11:
    resolution: {integrity: sha512-g9ztHGwEbS5RyWaOpXuyIVFTschclnwhqEbdy5AwGhYOgc7m/q3NFwr50MirZwTTzX55JY8pSkeib9BX04NIpw==}
    dependencies:
      '@vue/reactivity': 3.3.11
      '@vue/shared': 3.3.11
    dev: false

  /@vue/runtime-dom@3.3.11:
    resolution: {integrity: sha512-OlhtV1PVpbgk+I2zl+Y5rQtDNcCDs12rsRg71XwaA2/Rbllw6mBLMi57VOn8G0AjOJ4Mdb4k56V37+g8ukShpQ==}
    dependencies:
      '@vue/runtime-core': 3.3.11
      '@vue/shared': 3.3.11
      csstype: 3.1.3
    dev: false

  /@vue/server-renderer@3.3.11(vue@3.3.11):
    resolution: {integrity: sha512-AIWk0VwwxCAm4wqtJyxBylRTXSy1wCLOKbWxHaHiu14wjsNYtiRCSgVuqEPVuDpErOlRdNnuRgipQfXRLjLN5A==}
    peerDependencies:
      vue: 3.3.11
    dependencies:
      '@vue/compiler-ssr': 3.3.11
      '@vue/shared': 3.3.11
      vue: 3.3.11
    dev: false

  /@vue/shared@3.1.5:
    resolution: {integrity: sha512-oJ4F3TnvpXaQwZJNF3ZK+kLPHKarDmJjJ6jyzVNDKH9md1dptjC7lWR//jrGuLdek/U6iltWxqAnYOu8gCiOvA==}
    dev: false

  /@vue/shared@3.3.11:
    resolution: {integrity: sha512-u2G8ZQ9IhMWTMXaWqZycnK4UthG1fA238CD+DP4Dm4WJi5hdUKKLg0RMRaRpDPNMdkTwIDkp7WtD0Rd9BH9fLw==}
    dev: false

  /@vueform/multiselect@2.6.6:
    resolution: {integrity: sha512-JDWesVRmyGz9HmHp2Ooy1cb8XgKohiztwMDtjm8c0/Th+7wEZENZuYa0iY5CTvaJNANl3LVqh9BNnCc/YlM/Bg==}
    dev: false

  /@vueform/toggle@2.1.4:
    resolution: {integrity: sha512-tEITFf5wlqIWoCYZXJdoXvCnrc97weOu2csR/BEoROVvFu1zRsoK0wY1pJG7BR+g5zpGJneGSdLhMUsbx8y1yw==}
    dev: false

  /@vueuse/core@10.7.0(vue@3.3.11):
    resolution: {integrity: sha512-4EUDESCHtwu44ZWK3Gc/hZUVhVo/ysvdtwocB5vcauSV4B7NiGY5972WnsojB3vRNdxvAt7kzJWE2h9h7C9d5w==}
    dependencies:
      '@types/web-bluetooth': 0.0.20
      '@vueuse/metadata': 10.7.0
      '@vueuse/shared': 10.7.0(vue@3.3.11)
      vue-demi: 0.14.6(vue@3.3.11)
    transitivePeerDependencies:
      - '@vue/composition-api'
      - vue
    dev: false

  /@vueuse/metadata@10.7.0:
    resolution: {integrity: sha512-GlaH7tKP2iBCZ3bHNZ6b0cl9g0CJK8lttkBNUX156gWvNYhTKEtbweWLm9rxCPIiwzYcr/5xML6T8ZUEt+DkvA==}
    dev: false

  /@vueuse/shared@10.7.0(vue@3.3.11):
    resolution: {integrity: sha512-kc00uV6CiaTdc3i1CDC4a3lBxzaBE9AgYNtFN87B5OOscqeWElj/uza8qVDmk7/U8JbqoONLbtqiLJ5LGRuqlw==}
    dependencies:
      vue-demi: 0.14.6(vue@3.3.11)
    transitivePeerDependencies:
      - '@vue/composition-api'
      - vue
    dev: false

  /acorn@8.11.2:
    resolution: {integrity: sha512-nc0Axzp/0FILLEVsm4fNwLCwMttvhEI263QtVPQcbpfZZ3ts0hLsZGOpE6czNlid7CJ9MlyH8reXkpsf3YUY4w==}
    engines: {node: '>=0.4.0'}
    hasBin: true
    dev: false

  /alpinejs-slug@1.1.2:
    resolution: {integrity: sha512-l76RegnetD+1hErA7SEYpB16xHexIvZPTb5FoWGHqLNBMModz4n/KixJp63PJdLY1V0MdBWuHtRnv8XihIYRrw==}
    dev: false

  /alpinejs@3.13.3:
    resolution: {integrity: sha512-WZ6WQjkAOl+WdW/jukzNHq9zHFDNKmkk/x6WF7WdyNDD6woinrfXCVsZXm0galjbco+pEpYmJLtwlZwcOfIVdg==}
    dependencies:
      '@vue/reactivity': 3.1.5
    dev: false

  /anymatch@3.1.3:
    resolution: {integrity: sha512-KMReFUr0B4t+D+OBkjR3KYqvocp2XaSzO55UcB6mgQMd3KbcE+mWTyvVV7D/zsdEbNnV6acZUutkiHQXvTr1Rw==}
    engines: {node: '>= 8'}
    dependencies:
      normalize-path: 3.0.0
      picomatch: 2.3.1
    dev: true

  /asynckit@0.4.0:
    resolution: {integrity: sha512-Oei9OH4tRh0YqU3GxhX79dM/mwVgvbZJaSNaRk+bshkj0S5cfHcgYakreBjrHwatXKbz+IoIdYLxrKim2MjW0Q==}
    dev: false

  /axios@1.6.2:
    resolution: {integrity: sha512-7i24Ri4pmDRfJTR7LDBhsOTtcm+9kjX5WiY1X3wIisx6G9So3pfMkEiU7emUBe46oceVImccTEM3k6C5dbVW8A==}
    dependencies:
      follow-redirects: 1.15.3
      form-data: 4.0.0
      proxy-from-env: 1.1.0
    transitivePeerDependencies:
      - debug
    dev: false

  /binary-extensions@2.2.0:
    resolution: {integrity: sha512-jDctJ/IVQbZoJykoeHbhXpOlNBqGNcwXJKJog42E5HDPUwQTSdjCHdihjj0DlnheQ7blbT6dHOafNAiS8ooQKA==}
    engines: {node: '>=8'}
    dev: true

  /braces@3.0.2:
    resolution: {integrity: sha512-b8um+L1RzM3WDSzvhm6gIz1yfTbBt6YTlcEKAvsmqCZZFw46z626lVj9j1yEPW33H5H+lBQpZMP1k8l+78Ha0A==}
    engines: {node: '>=8'}
    dependencies:
      fill-range: 7.0.1
    dev: true

  /buffer-from@1.1.2:
    resolution: {integrity: sha512-E+XQCRwSbaaiChtv6k6Dwgc+bx+Bs6vuKJHHl5kox/BaKbhiXzqQOwK4cO22yElGp2OCmjwVhT3HmxgyPGnJfQ==}
    dev: false

  /camel-case@4.1.2:
    resolution: {integrity: sha512-gxGWBrTT1JuMx6R+o5PTXMmUnhnVzLQ9SNutD4YqKtI6ap897t3tKECYla6gCWEkplXnlNybEkZg9GEGxKFCgw==}
    dependencies:
      pascal-case: 3.1.2
      tslib: 2.6.2
    dev: false

  /chokidar@3.5.3:
    resolution: {integrity: sha512-Dr3sfKRP6oTcjf2JmUmFJfeVMvXBdegxB0iVQ5eb2V10uFJUCAS8OByZdVAyVb8xXNz3GjjTgj9kLWsZTqE6kw==}
    engines: {node: '>= 8.10.0'}
    dependencies:
      anymatch: 3.1.3
      braces: 3.0.2
      glob-parent: 5.1.2
      is-binary-path: 2.1.0
      is-glob: 4.0.3
      normalize-path: 3.0.0
      readdirp: 3.6.0
    optionalDependencies:
      fsevents: 2.3.3
    dev: true

  /clean-css@5.3.3:
    resolution: {integrity: sha512-D5J+kHaVb/wKSFcyyV75uCn8fiY4sV38XJoe4CUyGQ+mOU/fMVYUdH1hJC+CJQ5uY3EnW27SbJYS4X8BiLrAFg==}
    engines: {node: '>= 10.0'}
    dependencies:
      source-map: 0.6.1
    dev: false

  /combined-stream@1.0.8:
    resolution: {integrity: sha512-FQN4MRfuJeHf7cBbBMJFXhKSDq+2kAArBlmRBvcvFE5BB1HZKXtSFASDhdlz9zOYwxh8lDdnvmMOe/+5cdoEdg==}
    engines: {node: '>= 0.8'}
    dependencies:
      delayed-stream: 1.0.0
    dev: false

  /commander@2.20.3:
    resolution: {integrity: sha512-GpVkmM8vF2vQUkj2LvZmD35JxeJOLCwJ9cUkugyk2nuhbv3+mJvpLYYt+0+USMxE+oj+ey/lJEnhZw75x/OMcQ==}
    dev: false

  /commander@8.3.0:
    resolution: {integrity: sha512-OkTL9umf+He2DZkUq8f8J9of7yL6RJKI24dVITBmNfZBmri9zYZQrKkuXiKhyfPSu8tUhnVBB1iKXevvnlR4Ww==}
    engines: {node: '>= 12'}
    dev: false

  /commander@9.5.0:
    resolution: {integrity: sha512-KRs7WVDKg86PWiuAqhDrAQnTXZKraVcCc6vFdL14qrZ/DcWwuRo7VoiYXalXO7S5GKpqYiVEwCbgFDfxNHKJBQ==}
    engines: {node: ^12.20.0 || >=14}
    dev: false

  /copy-anything@2.0.6:
    resolution: {integrity: sha512-1j20GZTsvKNkc4BY3NpMOM8tt///wY3FpIzozTOFO2ffuZcV61nojHXVKIy3WM+7ADCy5FVhdZYHYDdgTU0yJw==}
    dependencies:
      is-what: 3.14.1

  /csstype@3.1.3:
    resolution: {integrity: sha512-M1uQkMl8rQK/szD0LNhtqxIPLpimGm8sOBwU7lLnCpSbTyY3yeU1Vc7l4KT5zT4s/yOxHH5O7tIuuLOCnLADRw==}
    dev: false

  /delayed-stream@1.0.0:
    resolution: {integrity: sha512-ZySD7Nf91aLB0RxL4KGrKHBXl7Eds1DAmEdcoVawXnLD7SDhpNgtuII2aAkg7a7QS41jxPSZ17p4VdGnMHk3MQ==}
    engines: {node: '>=0.4.0'}
    dev: false

  /dot-case@3.0.4:
    resolution: {integrity: sha512-Kv5nKlh6yRrdrGvxeJ2e5y2eRUpkUosIW4A2AS38zwSz27zu7ufDwQPi5Jhs3XAlGNetl3bmnGhQsMtkKJnj3w==}
    dependencies:
      no-case: 3.0.4
      tslib: 2.6.2
    dev: false

  /errno@0.1.8:
    resolution: {integrity: sha512-dJ6oBr5SQ1VSd9qkk7ByRgb/1SH4JZjCHSW/mr63/QcXO9zLVxvJ6Oy13nio03rxpSnVDDjFor75SjVeZWPW/A==}
    hasBin: true
    requiresBuild: true
    dependencies:
      prr: 1.0.1
    optional: true

  /esbuild@0.19.9:
    resolution: {integrity: sha512-U9CHtKSy+EpPsEBa+/A2gMs/h3ylBC0H0KSqIg7tpztHerLi6nrrcoUJAkNCEPumx8yJ+Byic4BVwHgRbN0TBg==}
    engines: {node: '>=12'}
    hasBin: true
    requiresBuild: true
    optionalDependencies:
      '@esbuild/android-arm': 0.19.9
      '@esbuild/android-arm64': 0.19.9
      '@esbuild/android-x64': 0.19.9
      '@esbuild/darwin-arm64': 0.19.9
      '@esbuild/darwin-x64': 0.19.9
      '@esbuild/freebsd-arm64': 0.19.9
      '@esbuild/freebsd-x64': 0.19.9
      '@esbuild/linux-arm': 0.19.9
      '@esbuild/linux-arm64': 0.19.9
      '@esbuild/linux-ia32': 0.19.9
      '@esbuild/linux-loong64': 0.19.9
      '@esbuild/linux-mips64el': 0.19.9
      '@esbuild/linux-ppc64': 0.19.9
      '@esbuild/linux-riscv64': 0.19.9
      '@esbuild/linux-s390x': 0.19.9
      '@esbuild/linux-x64': 0.19.9
      '@esbuild/netbsd-x64': 0.19.9
      '@esbuild/openbsd-x64': 0.19.9
      '@esbuild/sunos-x64': 0.19.9
      '@esbuild/win32-arm64': 0.19.9
      '@esbuild/win32-ia32': 0.19.9
      '@esbuild/win32-x64': 0.19.9

  /estree-walker@2.0.2:
    resolution: {integrity: sha512-Rfkk/Mp/DL7JVje3u18FxFujQlTNR2q6QfMSMB7AvCBx91NGj/ba3kCfza0f6dVDbw7YlRf/nDrn7pQrCCyQ/w==}
    dev: false

  /fast-glob@3.3.2:
    resolution: {integrity: sha512-oX2ruAFQwf/Orj8m737Y5adxDQO0LAB7/S5MnxCdTNDd4p6BsyIVsv9JQsATbTSq8KHRpLwIHbVlUNatxd+1Ow==}
    engines: {node: '>=8.6.0'}
    dependencies:
      '@nodelib/fs.stat': 2.0.5
      '@nodelib/fs.walk': 1.2.8
      glob-parent: 5.1.2
      merge2: 1.4.1
      micromatch: 4.0.5
    dev: true

  /fastq@1.15.0:
    resolution: {integrity: sha512-wBrocU2LCXXa+lWBt8RoIRD89Fi8OdABODa/kEnyeyjS5aZO5/GNvI5sEINADqP/h8M29UHTHUb53sUu5Ihqdw==}
    dependencies:
      reusify: 1.0.4
    dev: true

  /fill-range@7.0.1:
    resolution: {integrity: sha512-qOo9F+dMUmC2Lcb4BbVvnKJxTPjCm+RRpe4gDuGrzkL7mEVl/djYSu2OdQ2Pa302N4oqkSg9ir6jaLWJ2USVpQ==}
    engines: {node: '>=8'}
    dependencies:
      to-regex-range: 5.0.1
    dev: true

  /follow-redirects@1.15.3:
    resolution: {integrity: sha512-1VzOtuEM8pC9SFU1E+8KfTjZyMztRsgEfwQl44z8A25uy13jSzTj6dyK2Df52iV0vgHCfBwLhDWevLn95w5v6Q==}
    engines: {node: '>=4.0'}
    peerDependencies:
      debug: '*'
    peerDependenciesMeta:
      debug:
        optional: true
    dev: false

  /form-data@4.0.0:
    resolution: {integrity: sha512-ETEklSGi5t0QMZuiXoA/Q6vcnxcLQP5vdugSpuAyi6SVGi2clPPp+xgEhuMaHC+zGgn31Kd235W35f7Hykkaww==}
    engines: {node: '>= 6'}
    dependencies:
      asynckit: 0.4.0
      combined-stream: 1.0.8
      mime-types: 2.1.35
    dev: false

  /fs-extra@11.2.0:
    resolution: {integrity: sha512-PmDi3uwK5nFuXh7XDTlVnS17xJS7vW36is2+w3xcv8SVxiB4NyATf4ctkVY5bkSjX0Y4nbvZCq1/EjtEyr9ktw==}
    engines: {node: '>=14.14'}
    dependencies:
      graceful-fs: 4.2.11
      jsonfile: 6.1.0
      universalify: 2.0.1
    dev: true

  /fsevents@2.3.3:
    resolution: {integrity: sha512-5xoDfX+fL7faATnagmWPpbFtwh/R77WmMMqqHGS65C3vvB0YHrgF+B1YmZ3441tMj5n63k0212XNoJwzlhffQw==}
    engines: {node: ^8.16.0 || ^10.6.0 || >=11.0.0}
    os: [darwin]
    requiresBuild: true
    optional: true

  /glob-parent@5.1.2:
    resolution: {integrity: sha512-AOIgSQCepiJYwP3ARnGx+5VnTu2HBYdzbGP45eLw1vr3zB3vZLeyed1sC9hnbcOc9/SrMyM5RPQrkGz4aS9Zow==}
    engines: {node: '>= 6'}
    dependencies:
      is-glob: 4.0.3
    dev: true

  /graceful-fs@4.2.11:
    resolution: {integrity: sha512-RbJ5/jmFcNNCcDV5o9eTnBLJ/HszWV0P73bc+Ff4nS/rJj+YaS6IGyiOL0VoBYX+l1Wrl3k63h/KrH+nhJ0XvQ==}

  /he@1.2.0:
    resolution: {integrity: sha512-F/1DnUGPopORZi0ni+CvrCgHQ5FyEAHRLSApuYWMmrbSwoN2Mn/7k+Gl38gJnR7yyDZk6WLXwiGod1JOWNDKGw==}
    hasBin: true
    dev: false

  /html-minifier-terser@6.1.0:
    resolution: {integrity: sha512-YXxSlJBZTP7RS3tWnQw74ooKa6L9b9i9QYXY21eUEvhZ3u9XLfv6OnFsQq6RxkhHygsaUMvYsZRV5rU/OVNZxw==}
    engines: {node: '>=12'}
    hasBin: true
    dependencies:
      camel-case: 4.1.2
      clean-css: 5.3.3
      commander: 8.3.0
      he: 1.2.0
      param-case: 3.0.4
      relateurl: 0.2.7
      terser: 5.26.0
    dev: false

  /iconv-lite@0.6.3:
    resolution: {integrity: sha512-4fCk79wshMdzMp2rH06qWrJE4iolqLhCUH+OiuIgU++RB0+94NlDL81atO7GX55uUKueo0txHNtvEyI6D7WdMw==}
    engines: {node: '>=0.10.0'}
    requiresBuild: true
    dependencies:
      safer-buffer: 2.1.2
    optional: true

  /image-size@0.5.5:
    resolution: {integrity: sha512-6TDAlDPZxUFCv+fuOkIoXT/V/f3Qbq8e37p+YOiYrUv3v9cc3/6x78VdfPgFVaB9dZYeLUfKgHRebpkm/oP2VQ==}
    engines: {node: '>=0.10.0'}
    hasBin: true
    requiresBuild: true
    optional: true

  /is-binary-path@2.1.0:
    resolution: {integrity: sha512-ZMERYes6pDydyuGidse7OsHxtbI7WVeUEozgR/g7rd0xUimYNlvZRE/K2MgZTjWy725IfelLeVcEM97mmtRGXw==}
    engines: {node: '>=8'}
    dependencies:
      binary-extensions: 2.2.0
    dev: true

  /is-extglob@2.1.1:
    resolution: {integrity: sha512-SbKbANkN603Vi4jEZv49LeVJMn4yGwsbzZworEoyEiutsN3nJYdbO36zfhGJ6QEDpOZIFkDtnq5JRxmvl3jsoQ==}
    engines: {node: '>=0.10.0'}
    dev: true

  /is-glob@4.0.3:
    resolution: {integrity: sha512-xelSayHH36ZgE7ZWhli7pW34hNbNl8Ojv5KVmkJD4hBdD3th8Tfk9vYasLM+mXWOZhFkgZfxhLSnrwRr4elSSg==}
    engines: {node: '>=0.10.0'}
    dependencies:
      is-extglob: 2.1.1
    dev: true

  /is-number@7.0.0:
    resolution: {integrity: sha512-41Cifkg6e8TylSpdtTpeLVMqvSBEVzTttHvERD741+pnZ8ANv0004MRL43QKPDlK9cGvNp6NZWZUBlbGXYxxng==}
    engines: {node: '>=0.12.0'}
    dev: true

  /is-what@3.14.1:
    resolution: {integrity: sha512-sNxgpk9793nzSs7bA6JQJGeIuRBQhAaNGG77kzYQgMkrID+lS6SlK07K5LaptscDlSaIgH+GPFzf+d75FVxozA==}

  /jsonfile@6.1.0:
    resolution: {integrity: sha512-5dgndWOriYSm5cnYaJNhalLNDKOqFwyDB/rr1E9ZsGciGvKPs8R2xYGCacuf3z6K1YKDz182fd+fY3cn3pMqXQ==}
    dependencies:
      universalify: 2.0.1
    optionalDependencies:
      graceful-fs: 4.2.11
    dev: true

  /less@4.2.0:
    resolution: {integrity: sha512-P3b3HJDBtSzsXUl0im2L7gTO5Ubg8mEN6G8qoTS77iXxXX4Hvu4Qj540PZDvQ8V6DmX6iXo98k7Md0Cm1PrLaA==}
    engines: {node: '>=6'}
    hasBin: true
    dependencies:
      copy-anything: 2.0.6
      parse-node-version: 1.0.1
      tslib: 2.6.2
    optionalDependencies:
      errno: 0.1.8
      graceful-fs: 4.2.11
      image-size: 0.5.5
      make-dir: 2.1.0
      mime: 1.6.0
      needle: 3.3.1
      source-map: 0.6.1

  /lower-case@2.0.2:
    resolution: {integrity: sha512-7fm3l3NAF9WfN6W3JOmf5drwpVqX78JtoGJ3A6W0a6ZnldM41w2fV5D490psKFTpMds8TJse/eHLFFsNHHjHgg==}
    dependencies:
      tslib: 2.6.2
    dev: false

  /magic-string@0.30.5:
    resolution: {integrity: sha512-7xlpfBaQaP/T6Vh8MO/EqXSW5En6INHEvEXQiuff7Gku0PWjU3uf6w/j9o7O+SpB5fOAkrI5HeoNgwjEO0pFsA==}
    engines: {node: '>=12'}
    dependencies:
      '@jridgewell/sourcemap-codec': 1.4.15
    dev: false

  /make-dir@2.1.0:
    resolution: {integrity: sha512-LS9X+dc8KLxXCb8dni79fLIIUA5VyZoyjSMCwTluaXA0o27cCK0bhXkpgw+sTXVpPy/lSO57ilRixqk0vDmtRA==}
    engines: {node: '>=6'}
    requiresBuild: true
    dependencies:
      pify: 4.0.1
      semver: 5.7.2
    optional: true

  /merge2@1.4.1:
    resolution: {integrity: sha512-8q7VEgMJW4J8tcfVPy8g09NcQwZdbwFEqhe/WZkoIzjn/3TGDwtOCYtXGxA3O8tPzpczCCDgv+P2P5y00ZJOOg==}
    engines: {node: '>= 8'}
    dev: true

  /micromatch@4.0.5:
    resolution: {integrity: sha512-DMy+ERcEW2q8Z2Po+WNXuw3c5YaUSFjAO5GsJqfEl7UjvtIuFKO6ZrKvcItdy98dwFI2N1tg3zNIdKaQT+aNdA==}
    engines: {node: '>=8.6'}
    dependencies:
      braces: 3.0.2
      picomatch: 2.3.1
    dev: true

  /mime-db@1.52.0:
    resolution: {integrity: sha512-sPU4uV7dYlvtWJxwwxHD0PuihVNiE7TyAbQ5SWxDCB9mUYvOgroQOwYQQOKPJ8CIbE+1ETVlOoK1UC2nU3gYvg==}
    engines: {node: '>= 0.6'}
    dev: false

  /mime-types@2.1.35:
    resolution: {integrity: sha512-ZDY+bPm5zTTF+YpCrAU9nK0UgICYPT0QtT1NZWFv4s++TNkcgVaT0g6+4R2uI4MjQjzysHB1zxuWL50hzaeXiw==}
    engines: {node: '>= 0.6'}
    dependencies:
      mime-db: 1.52.0
    dev: false

  /mime@1.6.0:
    resolution: {integrity: sha512-x0Vn8spI+wuJ1O6S7gnbaQg8Pxh4NNHb7KSINmEWKiPE4RKOplvijn+NkmYmmRgP68mc70j2EbeTFRsrswaQeg==}
    engines: {node: '>=4'}
    hasBin: true
    requiresBuild: true
    optional: true

  /nanoid@3.3.7:
    resolution: {integrity: sha512-eSRppjcPIatRIMC1U6UngP8XFcz8MQWGQdt1MTBQ7NaAmvXDfvNxbvWV3x2y6CdEUciCSsDHDQZbhYaB8QEo2g==}
    engines: {node: ^10 || ^12 || ^13.7 || ^14 || >=15.0.1}
    hasBin: true

  /needle@3.3.1:
    resolution: {integrity: sha512-6k0YULvhpw+RoLNiQCRKOl09Rv1dPLr8hHnVjHqdolKwDrdNyk+Hmrthi4lIGPPz3r39dLx0hsF5s40sZ3Us4Q==}
    engines: {node: '>= 4.4.x'}
    hasBin: true
    requiresBuild: true
    dependencies:
      iconv-lite: 0.6.3
      sax: 1.3.0
    optional: true

  /no-case@3.0.4:
    resolution: {integrity: sha512-fgAN3jGAh+RoxUGZHTSOLJIqUc2wmoBwGR4tbpNAKmmovFoWq0OdRkb0VkldReO2a2iBT/OEulG9XSUc10r3zg==}
    dependencies:
      lower-case: 2.0.2
      tslib: 2.6.2
    dev: false

  /normalize-path@3.0.0:
    resolution: {integrity: sha512-6eZs5Ls3WtCisHWp9S2GUy8dqkpGi4BVSz3GaqiE6ezub0512ESztXUwUB6C6IKbQkY2Pnb/mD4WYojCRwcwLA==}
    engines: {node: '>=0.10.0'}
    dev: true

  /param-case@3.0.4:
    resolution: {integrity: sha512-RXlj7zCYokReqWpOPH9oYivUzLYZ5vAPIfEmCTNViosC78F8F0H9y7T7gG2M39ymgutxF5gcFEsyZQSph9Bp3A==}
    dependencies:
      dot-case: 3.0.4
      tslib: 2.6.2
    dev: false

  /parse-node-version@1.0.1:
    resolution: {integrity: sha512-3YHlOa/JgH6Mnpr05jP9eDG254US9ek25LyIxZlDItp2iJtwyaXQb57lBYLdT3MowkUFYEV2XXNAYIPlESvJlA==}
    engines: {node: '>= 0.10'}

  /pascal-case@3.1.2:
    resolution: {integrity: sha512-uWlGT3YSnK9x3BQJaOdcZwrnV6hPpd8jFH1/ucpiLRPh/2zCVJKS19E4GvYHvaCcACn3foXZ0cLB9Wrx1KGe5g==}
    dependencies:
      no-case: 3.0.4
      tslib: 2.6.2
    dev: false

  /picocolors@1.0.0:
    resolution: {integrity: sha512-1fygroTLlHu66zi26VoTDv8yRgm0Fccecssto+MhsZ0D/DGW2sm8E8AjW7NU5VVTRt5GxbeZ5qBuJr+HyLYkjQ==}

  /picomatch@2.3.1:
    resolution: {integrity: sha512-JU3teHTNjmE2VCGFzuY8EXzCDVwEqB2a8fsIvwaStHhAWJEeVd1o1QD80CU6+ZdEXXSLbSsuLwJjkCBWqRQUVA==}
    engines: {node: '>=8.6'}
    dev: true

  /pify@4.0.1:
    resolution: {integrity: sha512-uB80kBFb/tfd68bVleG9T5GGsGPjJrLAUpR5PZIrhBnIaRTQRjqdJSsIKkOP6OAIFbj7GOrcudc5pNjZ+geV2g==}
    engines: {node: '>=6'}
    requiresBuild: true
    optional: true

  /pinia@2.1.7(vue@3.3.11):
    resolution: {integrity: sha512-+C2AHFtcFqjPih0zpYuvof37SFxMQ7OEG2zV9jRI12i9BOy3YQVAHwdKtyyc8pDcDyIc33WCIsZaCFWU7WWxGQ==}
    peerDependencies:
      '@vue/composition-api': ^1.4.0
      typescript: '>=4.4.4'
      vue: ^2.6.14 || ^3.3.0
    peerDependenciesMeta:
      '@vue/composition-api':
        optional: true
      typescript:
        optional: true
    dependencies:
      '@vue/devtools-api': 6.5.1
      vue: 3.3.11
      vue-demi: 0.14.6(vue@3.3.11)
    dev: false

  /postcss@8.4.32:
    resolution: {integrity: sha512-D/kj5JNu6oo2EIy+XL/26JEDTlIbB8hw85G8StOE6L74RQAVVP5rej6wxCNqyMbR4RkPfqvezVbPw81Ngd6Kcw==}
    engines: {node: ^10 || ^12 || >=14}
    dependencies:
      nanoid: 3.3.7
      picocolors: 1.0.0
      source-map-js: 1.0.2

  /proxy-from-env@1.1.0:
    resolution: {integrity: sha512-D+zkORCbA9f1tdWRK0RaCR3GPv50cMxcrz4X8k5LTSUD1Dkw47mKJEZQNunItRTkWwgtaUSo1RVFRIG9ZXiFYg==}
    dev: false

  /prr@1.0.1:
    resolution: {integrity: sha512-yPw4Sng1gWghHQWj0B3ZggWUm4qVbPwPFcRG8KyxiU7J2OHFSoEHKS+EZ3fv5l1t9CyCiop6l/ZYeWbrgoQejw==}
    requiresBuild: true
    optional: true

  /queue-microtask@1.2.3:
    resolution: {integrity: sha512-NuaNSa6flKT5JaSYQzJok04JzTL1CA6aGhv5rfLW3PgqA+M2ChpZQnAC8h8i4ZFkBS8X5RqkDBHA7r4hej3K9A==}
    dev: true

  /readdirp@3.6.0:
    resolution: {integrity: sha512-hOS089on8RduqdbhvQ5Z37A0ESjsqz6qnRcffsMU3495FuTdqSm+7bhJ29JvIOsBDEEnan5DPu9t3To9VRlMzA==}
    engines: {node: '>=8.10.0'}
    dependencies:
      picomatch: 2.3.1
    dev: true

  /relateurl@0.2.7:
    resolution: {integrity: sha512-G08Dxvm4iDN3MLM0EsP62EDV9IuhXPR6blNz6Utcp7zyV3tr4HVNINt6MpaRWbxoOHT3Q7YN2P+jaHX8vUbgog==}
    engines: {node: '>= 0.10'}
    dev: false

  /reusify@1.0.4:
    resolution: {integrity: sha512-U9nH88a3fc/ekCF1l0/UP1IosiuIjyTh7hBvXVMHYgVcfGvt897Xguj2UOLDeI5BG2m7/uwyaLVT6fbtCwTyzw==}
    engines: {iojs: '>=1.0.0', node: '>=0.10.0'}
    dev: true

  /rollup@4.8.0:
    resolution: {integrity: sha512-NpsklK2fach5CdI+PScmlE5R4Ao/FSWtF7LkoIrHDxPACY/xshNasPsbpG0VVHxUTbf74tJbVT4PrP8JsJ6ZDA==}
    engines: {node: '>=18.0.0', npm: '>=8.0.0'}
    hasBin: true
    optionalDependencies:
      '@rollup/rollup-android-arm-eabi': 4.8.0
      '@rollup/rollup-android-arm64': 4.8.0
      '@rollup/rollup-darwin-arm64': 4.8.0
      '@rollup/rollup-darwin-x64': 4.8.0
      '@rollup/rollup-linux-arm-gnueabihf': 4.8.0
      '@rollup/rollup-linux-arm64-gnu': 4.8.0
      '@rollup/rollup-linux-arm64-musl': 4.8.0
      '@rollup/rollup-linux-riscv64-gnu': 4.8.0
      '@rollup/rollup-linux-x64-gnu': 4.8.0
      '@rollup/rollup-linux-x64-musl': 4.8.0
      '@rollup/rollup-win32-arm64-msvc': 4.8.0
      '@rollup/rollup-win32-ia32-msvc': 4.8.0
      '@rollup/rollup-win32-x64-msvc': 4.8.0
      fsevents: 2.3.3

  /run-parallel@1.2.0:
    resolution: {integrity: sha512-5l4VyZR86LZ/lDxZTR6jqL8AFE2S0IFLMP26AbjsLVADxHdhB/c0GUsH+y39UfCi3dzz8OlQuPmnaJOMoDHQBA==}
    dependencies:
      queue-microtask: 1.2.3
    dev: true

  /safer-buffer@2.1.2:
    resolution: {integrity: sha512-YZo3K82SD7Riyi0E1EQPojLz7kpepnSQI9IyPbHHg1XXXevb5dJI7tpyN2ADxGcQbHG7vcyRHk0cbwqcQriUtg==}
    requiresBuild: true
    optional: true

  /sax@1.3.0:
    resolution: {integrity: sha512-0s+oAmw9zLl1V1cS9BtZN7JAd0cW5e0QH4W3LWEK6a4LaLEA2OTpGYWDY+6XasBLtz6wkm3u1xRw95mRuJ59WA==}
    requiresBuild: true
    optional: true

  /semver@5.7.2:
    resolution: {integrity: sha512-cBznnQ9KjJqU67B52RMC65CMarK2600WFnbkcaiwWq3xy/5haFJlshgnpjovMVJ+Hff49d8GEn0b87C5pDQ10g==}
    hasBin: true
    requiresBuild: true
    optional: true

  /showdown@2.1.0:
    resolution: {integrity: sha512-/6NVYu4U819R2pUIk79n67SYgJHWCce0a5xTP979WbNp0FL9MN1I1QK662IDU1b6JzKTvmhgI7T7JYIxBi3kMQ==}
    hasBin: true
    dependencies:
      commander: 9.5.0
    dev: false

  /sortablejs@1.15.1:
    resolution: {integrity: sha512-P5Cjvb0UG1ZVNiDPj/n4V+DinttXG6K8n7vM/HQf0C25K3YKQTQY6fsr/sEGsJGpQ9exmPxluHxKBc0mLKU1lQ==}
    dev: false

  /source-map-js@1.0.2:
    resolution: {integrity: sha512-R0XvVJ9WusLiqTCEiGCmICCMplcCkIwwR11mOSD9CR5u+IXYdiseeEuXCVAjS54zqwkLcPNnmU4OeJ6tUrWhDw==}
    engines: {node: '>=0.10.0'}

  /source-map-support@0.5.21:
    resolution: {integrity: sha512-uBHU3L3czsIyYXKX88fdrGovxdSCoTGDRZ6SYXtSRxLZUzHg5P/66Ht6uoUlHu9EZod+inXhKo3qQgwXUT/y1w==}
    dependencies:
      buffer-from: 1.1.2
      source-map: 0.6.1
    dev: false

  /source-map@0.6.1:
    resolution: {integrity: sha512-UjgapumWlbMhkBgzT7Ykc5YXUT46F0iKu8SGXq0bcwP5dz/h0Plj6enJqjz1Zbq2l5WaqYnrVbwWOWMyF3F47g==}
    engines: {node: '>=0.10.0'}

  /terser@5.26.0:
    resolution: {integrity: sha512-dytTGoE2oHgbNV9nTzgBEPaqAWvcJNl66VZ0BkJqlvp71IjO8CxdBx/ykCNb47cLnCmCvRZ6ZR0tLkqvZCdVBQ==}
    engines: {node: '>=10'}
    hasBin: true
    dependencies:
      '@jridgewell/source-map': 0.3.5
      acorn: 8.11.2
      commander: 2.20.3
      source-map-support: 0.5.21
    dev: false

  /to-fast-properties@2.0.0:
    resolution: {integrity: sha512-/OaKK0xYrs3DmxRYqL/yDc+FxFUVYhDlXMhRmv3z915w2HF1tnN1omB354j8VUGO/hbRzyD6Y3sA7v7GS/ceog==}
    engines: {node: '>=4'}
    dev: false

  /to-regex-range@5.0.1:
    resolution: {integrity: sha512-65P7iz6X5yEr1cwcgvQxbbIw7Uk3gOy5dIdtZ4rDveLqhrdJP+Li/Hx6tyK0NEb+2GCyneCMJiGqrADCSNk8sQ==}
    engines: {node: '>=8.0'}
    dependencies:
      is-number: 7.0.0
    dev: true

  /tooltip-plugin@1.0.16:
    resolution: {integrity: sha512-bZTFoMw2UM9dX9R6hZIme2vrMLvctdmqGDhzalXGrlxKGzRGTTSnpN6MAGvFf2aXOYfuRwQAhhoTLaleEnI4PQ==}
    dev: false

  /tslib@2.6.2:
    resolution: {integrity: sha512-AEYxH93jGFPn/a2iVAwW87VuUIkR1FVUKB77NwMF7nBTDkDrrT/Hpt/IrCJ0QXhW27jTBDcf5ZY7w6RiqTMw2Q==}

  /universalify@2.0.1:
    resolution: {integrity: sha512-gptHNQghINnc/vTGIk0SOFGFNXw7JVrlRUtConJRlvaw6DuX0wO5Jeko9sWrMBhh+PsYAZ7oXAiOnf/UKogyiw==}
    engines: {node: '>= 10.0.0'}
    dev: true

  /vanilla-lazyload@17.8.5:
    resolution: {integrity: sha512-SQdQztlVUJqCbyU15zobpAcoTucCzdJiDIEfqinZDdwifhZxQ5H2j0BJfHlrFxi0lrVAdFBRsICH51YdPv18DQ==}
    dev: false

  /virtual-select-plugin@1.0.40:
    resolution: {integrity: sha512-LxO1AsGbIPwwlc1+S8IqeitUXRwHCPmmCQsbdBhaGdAMS17xlEsGpl/dgGjVVdu1mHq7i9/GrD/MRfDHwmbH+Q==}
    dependencies:
      tooltip-plugin: 1.0.16
    dev: false

  /vite-plugin-minify@1.5.2(vite@5.0.8):
    resolution: {integrity: sha512-clf3THHlet1jD35y8+mbw/xgACbdUQ1Eyc9zZFiqaxVOZLSC3UbrkOYOG+Nf4cleRjWgb8czbXrnQiWZICVh3Q==}
    peerDependencies:
      vite: '*'
    dependencies:
      html-minifier-terser: 6.1.0
      vite: 5.0.8(less@4.2.0)
    dev: false

  /vite-plugin-static-copy@1.0.0(vite@5.0.8):
    resolution: {integrity: sha512-kMlrB3WDtC5GzFedNIPkpjnOAr8M11PfWOiUaONrUZ3AqogTsOmIhTt6w7Fh311wl8pN81ld7sfuOEogFJ9N8A==}
    engines: {node: ^18.0.0 || >=20.0.0}
    peerDependencies:
      vite: ^5.0.0
    dependencies:
      chokidar: 3.5.3
      fast-glob: 3.3.2
      fs-extra: 11.2.0
      picocolors: 1.0.0
      vite: 5.0.8(less@4.2.0)
    dev: true

  /vite@5.0.8(less@4.2.0):
    resolution: {integrity: sha512-jYMALd8aeqR3yS9xlHd0OzQJndS9fH5ylVgWdB+pxTwxLKdO1pgC5Dlb398BUxpfaBxa4M9oT7j1g503Gaj5IQ==}
    engines: {node: ^18.0.0 || >=20.0.0}
    hasBin: true
    peerDependencies:
      '@types/node': ^18.0.0 || >=20.0.0
      less: '*'
      lightningcss: ^1.21.0
      sass: '*'
      stylus: '*'
      sugarss: '*'
      terser: ^5.4.0
    peerDependenciesMeta:
      '@types/node':
        optional: true
      less:
        optional: true
      lightningcss:
        optional: true
      sass:
        optional: true
      stylus:
        optional: true
      sugarss:
        optional: true
      terser:
        optional: true
    dependencies:
      esbuild: 0.19.9
      less: 4.2.0
      postcss: 8.4.32
      rollup: 4.8.0
    optionalDependencies:
      fsevents: 2.3.3

  /vue-demi@0.14.6(vue@3.3.11):
    resolution: {integrity: sha512-8QA7wrYSHKaYgUxDA5ZC24w+eHm3sYCbp0EzcDwKqN3p6HqtTCGR/GVsPyZW92unff4UlcSh++lmqDWN3ZIq4w==}
    engines: {node: '>=12'}
    hasBin: true
    requiresBuild: true
    peerDependencies:
      '@vue/composition-api': ^1.0.0-rc.1
      vue: ^3.0.0-0 || ^2.6.0
    peerDependenciesMeta:
      '@vue/composition-api':
        optional: true
    dependencies:
      vue: 3.3.11
    dev: false

  /vue-i18n@9.8.0(vue@3.3.11):
    resolution: {integrity: sha512-Izho+6PYjejsTq2mzjcRdBZ5VLRQoSuuexvR8029h5CpN03FYqiqBrShMyf2I1DKkN6kw/xmujcbvC+4QybpsQ==}
    engines: {node: '>= 16'}
    peerDependencies:
      vue: ^3.0.0
    dependencies:
      '@intlify/core-base': 9.8.0
      '@intlify/shared': 9.8.0
      '@vue/devtools-api': 6.5.1
      vue: 3.3.11
    dev: false

  /vue-showdown@4.2.0:
    resolution: {integrity: sha512-2/daUw8TsMFCAb+6yRC87eM4U/B/vp/oCWPbSlUSNbttKitIiQ7NCDRVzhjPmNVIzzToEBnQNonZEE5ZJyTzIg==}
    engines: {node: '>=16.19.0'}
    dependencies:
      '@types/showdown': 2.0.6
      showdown: 2.1.0
      vue: 3.3.11
    transitivePeerDependencies:
      - typescript
    dev: false

  /vue@3.3.11:
    resolution: {integrity: sha512-d4oBctG92CRO1cQfVBZp6WJAs0n8AK4Xf5fNjQCBeKCvMI1efGQ5E3Alt1slFJS9fZuPcFoiAiqFvQlv1X7t/w==}
    peerDependencies:
      typescript: '*'
    peerDependenciesMeta:
      typescript:
        optional: true
    dependencies:
      '@vue/compiler-dom': 3.3.11
      '@vue/compiler-sfc': 3.3.11
      '@vue/runtime-dom': 3.3.11
      '@vue/server-renderer': 3.3.11(vue@3.3.11)
      '@vue/shared': 3.3.11
    dev: false
